# This file is automatically @generated by Poetry 1.7.1 and should not be changed by hand.

[[package]]
name = "cffi"
version = "1.15.0"
description = "Foreign Function Interface for Python calling C code."
optional = false
python-versions = "*"
files = [
    {file = "cffi-1.15.0-cp27-cp27m-macosx_10_9_x86_64.whl", hash = "sha256:c2502a1a03b6312837279c8c1bd3ebedf6c12c4228ddbad40912d671ccc8a962"},
    {file = "cffi-1.15.0-cp27-cp27m-manylinux1_i686.whl", hash = "sha256:23cfe892bd5dd8941608f93348c0737e369e51c100d03718f108bf1add7bd6d0"},
    {file = "cffi-1.15.0-cp27-cp27m-manylinux1_x86_64.whl", hash = "sha256:41d45de54cd277a7878919867c0f08b0cf817605e4eb94093e7516505d3c8d14"},
    {file = "cffi-1.15.0-cp27-cp27m-win32.whl", hash = "sha256:4a306fa632e8f0928956a41fa8e1d6243c71e7eb59ffbd165fc0b41e316b2474"},
    {file = "cffi-1.15.0-cp27-cp27m-win_amd64.whl", hash = "sha256:e7022a66d9b55e93e1a845d8c9eba2a1bebd4966cd8bfc25d9cd07d515b33fa6"},
    {file = "cffi-1.15.0-cp27-cp27mu-manylinux1_i686.whl", hash = "sha256:14cd121ea63ecdae71efa69c15c5543a4b5fbcd0bbe2aad864baca0063cecf27"},
    {file = "cffi-1.15.0-cp27-cp27mu-manylinux1_x86_64.whl", hash = "sha256:d4d692a89c5cf08a8557fdeb329b82e7bf609aadfaed6c0d79f5a449a3c7c023"},
    {file = "cffi-1.15.0-cp310-cp310-macosx_10_9_x86_64.whl", hash = "sha256:0104fb5ae2391d46a4cb082abdd5c69ea4eab79d8d44eaaf79f1b1fd806ee4c2"},
    {file = "cffi-1.15.0-cp310-cp310-macosx_11_0_arm64.whl", hash = "sha256:91ec59c33514b7c7559a6acda53bbfe1b283949c34fe7440bcf917f96ac0723e"},
    {file = "cffi-1.15.0-cp310-cp310-manylinux_2_12_i686.manylinux2010_i686.whl", hash = "sha256:f5c7150ad32ba43a07c4479f40241756145a1f03b43480e058cfd862bf5041c7"},
    {file = "cffi-1.15.0-cp310-cp310-manylinux_2_12_x86_64.manylinux2010_x86_64.whl", hash = "sha256:00c878c90cb53ccfaae6b8bc18ad05d2036553e6d9d1d9dbcf323bbe83854ca3"},
    {file = "cffi-1.15.0-cp310-cp310-manylinux_2_17_aarch64.manylinux2014_aarch64.whl", hash = "sha256:abb9a20a72ac4e0fdb50dae135ba5e77880518e742077ced47eb1499e29a443c"},
    {file = "cffi-1.15.0-cp310-cp310-manylinux_2_17_ppc64le.manylinux2014_ppc64le.whl", hash = "sha256:a5263e363c27b653a90078143adb3d076c1a748ec9ecc78ea2fb916f9b861962"},
    {file = "cffi-1.15.0-cp310-cp310-manylinux_2_17_s390x.manylinux2014_s390x.whl", hash = "sha256:f54a64f8b0c8ff0b64d18aa76675262e1700f3995182267998c31ae974fbc382"},
    {file = "cffi-1.15.0-cp310-cp310-win32.whl", hash = "sha256:c21c9e3896c23007803a875460fb786118f0cdd4434359577ea25eb556e34c55"},
    {file = "cffi-1.15.0-cp310-cp310-win_amd64.whl", hash = "sha256:5e069f72d497312b24fcc02073d70cb989045d1c91cbd53979366077959933e0"},
    {file = "cffi-1.15.0-cp36-cp36m-macosx_10_9_x86_64.whl", hash = "sha256:64d4ec9f448dfe041705426000cc13e34e6e5bb13736e9fd62e34a0b0c41566e"},
    {file = "cffi-1.15.0-cp36-cp36m-manylinux_2_17_aarch64.manylinux2014_aarch64.whl", hash = "sha256:2756c88cbb94231c7a147402476be2c4df2f6078099a6f4a480d239a8817ae39"},
    {file = "cffi-1.15.0-cp36-cp36m-manylinux_2_17_ppc64le.manylinux2014_ppc64le.whl", hash = "sha256:3b96a311ac60a3f6be21d2572e46ce67f09abcf4d09344c49274eb9e0bf345fc"},
    {file = "cffi-1.15.0-cp36-cp36m-manylinux_2_17_s390x.manylinux2014_s390x.whl", hash = "sha256:75e4024375654472cc27e91cbe9eaa08567f7fbdf822638be2814ce059f58032"},
    {file = "cffi-1.15.0-cp36-cp36m-manylinux_2_5_i686.manylinux1_i686.whl", hash = "sha256:59888172256cac5629e60e72e86598027aca6bf01fa2465bdb676d37636573e8"},
    {file = "cffi-1.15.0-cp36-cp36m-manylinux_2_5_x86_64.manylinux1_x86_64.whl", hash = "sha256:27c219baf94952ae9d50ec19651a687b826792055353d07648a5695413e0c605"},
    {file = "cffi-1.15.0-cp36-cp36m-win32.whl", hash = "sha256:4958391dbd6249d7ad855b9ca88fae690783a6be9e86df65865058ed81fc860e"},
    {file = "cffi-1.15.0-cp36-cp36m-win_amd64.whl", hash = "sha256:f6f824dc3bce0edab5f427efcfb1d63ee75b6fcb7282900ccaf925be84efb0fc"},
    {file = "cffi-1.15.0-cp37-cp37m-macosx_10_9_x86_64.whl", hash = "sha256:06c48159c1abed75c2e721b1715c379fa3200c7784271b3c46df01383b593636"},
    {file = "cffi-1.15.0-cp37-cp37m-manylinux_2_12_i686.manylinux2010_i686.whl", hash = "sha256:c2051981a968d7de9dd2d7b87bcb9c939c74a34626a6e2f8181455dd49ed69e4"},
    {file = "cffi-1.15.0-cp37-cp37m-manylinux_2_12_x86_64.manylinux2010_x86_64.whl", hash = "sha256:fd8a250edc26254fe5b33be00402e6d287f562b6a5b2152dec302fa15bb3e997"},
    {file = "cffi-1.15.0-cp37-cp37m-manylinux_2_17_aarch64.manylinux2014_aarch64.whl", hash = "sha256:91d77d2a782be4274da750752bb1650a97bfd8f291022b379bb8e01c66b4e96b"},
    {file = "cffi-1.15.0-cp37-cp37m-manylinux_2_17_ppc64le.manylinux2014_ppc64le.whl", hash = "sha256:45db3a33139e9c8f7c09234b5784a5e33d31fd6907800b316decad50af323ff2"},
    {file = "cffi-1.15.0-cp37-cp37m-manylinux_2_17_s390x.manylinux2014_s390x.whl", hash = "sha256:263cc3d821c4ab2213cbe8cd8b355a7f72a8324577dc865ef98487c1aeee2bc7"},
    {file = "cffi-1.15.0-cp37-cp37m-win32.whl", hash = "sha256:17771976e82e9f94976180f76468546834d22a7cc404b17c22df2a2c81db0c66"},
    {file = "cffi-1.15.0-cp37-cp37m-win_amd64.whl", hash = "sha256:3415c89f9204ee60cd09b235810be700e993e343a408693e80ce7f6a40108029"},
    {file = "cffi-1.15.0-cp38-cp38-macosx_10_9_x86_64.whl", hash = "sha256:4238e6dab5d6a8ba812de994bbb0a79bddbdf80994e4ce802b6f6f3142fcc880"},
    {file = "cffi-1.15.0-cp38-cp38-manylinux_2_12_i686.manylinux2010_i686.whl", hash = "sha256:0808014eb713677ec1292301ea4c81ad277b6cdf2fdd90fd540af98c0b101d20"},
    {file = "cffi-1.15.0-cp38-cp38-manylinux_2_12_x86_64.manylinux2010_x86_64.whl", hash = "sha256:57e9ac9ccc3101fac9d6014fba037473e4358ef4e89f8e181f8951a2c0162024"},
    {file = "cffi-1.15.0-cp38-cp38-manylinux_2_17_aarch64.manylinux2014_aarch64.whl", hash = "sha256:8b6c2ea03845c9f501ed1313e78de148cd3f6cad741a75d43a29b43da27f2e1e"},
    {file = "cffi-1.15.0-cp38-cp38-manylinux_2_17_ppc64le.manylinux2014_ppc64le.whl", hash = "sha256:10dffb601ccfb65262a27233ac273d552ddc4d8ae1bf93b21c94b8511bffe728"},
    {file = "cffi-1.15.0-cp38-cp38-manylinux_2_17_s390x.manylinux2014_s390x.whl", hash = "sha256:786902fb9ba7433aae840e0ed609f45c7bcd4e225ebb9c753aa39725bb3e6ad6"},
    {file = "cffi-1.15.0-cp38-cp38-win32.whl", hash = "sha256:da5db4e883f1ce37f55c667e5c0de439df76ac4cb55964655906306918e7363c"},
    {file = "cffi-1.15.0-cp38-cp38-win_amd64.whl", hash = "sha256:181dee03b1170ff1969489acf1c26533710231c58f95534e3edac87fff06c443"},
    {file = "cffi-1.15.0-cp39-cp39-macosx_10_9_x86_64.whl", hash = "sha256:45e8636704eacc432a206ac7345a5d3d2c62d95a507ec70d62f23cd91770482a"},
    {file = "cffi-1.15.0-cp39-cp39-macosx_11_0_arm64.whl", hash = "sha256:31fb708d9d7c3f49a60f04cf5b119aeefe5644daba1cd2a0fe389b674fd1de37"},
    {file = "cffi-1.15.0-cp39-cp39-manylinux_2_12_i686.manylinux2010_i686.whl", hash = "sha256:6dc2737a3674b3e344847c8686cf29e500584ccad76204efea14f451d4cc669a"},
    {file = "cffi-1.15.0-cp39-cp39-manylinux_2_12_x86_64.manylinux2010_x86_64.whl", hash = "sha256:74fdfdbfdc48d3f47148976f49fab3251e550a8720bebc99bf1483f5bfb5db3e"},
    {file = "cffi-1.15.0-cp39-cp39-manylinux_2_17_aarch64.manylinux2014_aarch64.whl", hash = "sha256:ffaa5c925128e29efbde7301d8ecaf35c8c60ffbcd6a1ffd3a552177c8e5e796"},
    {file = "cffi-1.15.0-cp39-cp39-manylinux_2_17_ppc64le.manylinux2014_ppc64le.whl", hash = "sha256:3f7d084648d77af029acb79a0ff49a0ad7e9d09057a9bf46596dac9514dc07df"},
    {file = "cffi-1.15.0-cp39-cp39-manylinux_2_17_s390x.manylinux2014_s390x.whl", hash = "sha256:ef1f279350da2c586a69d32fc8733092fd32cc8ac95139a00377841f59a3f8d8"},
    {file = "cffi-1.15.0-cp39-cp39-win32.whl", hash = "sha256:2a23af14f408d53d5e6cd4e3d9a24ff9e05906ad574822a10563efcef137979a"},
    {file = "cffi-1.15.0-cp39-cp39-win_amd64.whl", hash = "sha256:3773c4d81e6e818df2efbc7dd77325ca0dcb688116050fb2b3011218eda36139"},
    {file = "cffi-1.15.0.tar.gz", hash = "sha256:920f0d66a896c2d99f0adbb391f990a84091179542c205fa53ce5787aff87954"},
]

[package.dependencies]
pycparser = "*"

[[package]]
name = "cx-freeze"
version = "7.1.1"
description = "Create standalone executables from Python scripts"
optional = false
python-versions = ">=3.8"
files = [
    {file = "cx_Freeze-7.1.1-cp310-cp310-macosx_10_9_x86_64.whl", hash = "sha256:1502ebdc82a425279df38d262f7ec45cab88f0b8258ee417ec2c6c4367a719bc"},
    {file = "cx_Freeze-7.1.1-cp310-cp310-manylinux_2_17_aarch64.manylinux2014_aarch64.whl", hash = "sha256:8114e4264fed9b006b91c1aac1cf25bbe63da8ea42b1cb964390cc71d0bc3b23"},
    {file = "cx_Freeze-7.1.1-cp310-cp310-manylinux_2_17_ppc64le.manylinux2014_ppc64le.whl", hash = "sha256:6484b84f0744f1143a02ca2e8a40db0e7bf3406b10634d9fec2f4df8836459ff"},
    {file = "cx_Freeze-7.1.1-cp310-cp310-manylinux_2_17_x86_64.manylinux2014_x86_64.whl", hash = "sha256:27a72d572853471ae49cf79d3e1a6b7e0e4277b309ede8fa7f5969fb4c06d992"},
    {file = "cx_Freeze-7.1.1-cp310-cp310-musllinux_1_2_aarch64.whl", hash = "sha256:eda3d0209c82bbb825b8084d41cbf9f3499281c913b6b5f4d6077f3aa0fef436"},
    {file = "cx_Freeze-7.1.1-cp310-cp310-musllinux_1_2_ppc64le.whl", hash = "sha256:2d7aa26f95f25ba1f72e2d7991f9d827657fa2e2bbb054da0a946f30d4c4dd72"},
    {file = "cx_Freeze-7.1.1-cp310-cp310-musllinux_1_2_x86_64.whl", hash = "sha256:b45446269e46b6b67abe8f4259f0de70f71d1ef13279ed31f692efc1d5b4e743"},
    {file = "cx_Freeze-7.1.1-cp310-cp310-win32.whl", hash = "sha256:a0db6749eec09a175d4b1dbf2e16a75773785e83b1448c143d832b620b1908c4"},
    {file = "cx_Freeze-7.1.1-cp310-cp310-win_amd64.whl", hash = "sha256:1c2a92a1153a3cd7177d5896494dccdeafefb42af9233fd189c0713c1203b6ff"},
    {file = "cx_Freeze-7.1.1-cp311-cp311-macosx_10_9_universal2.whl", hash = "sha256:4054ab3a490596d140d7905bbdee9c2c0b21978e70428c860a21b2954c20cd3b"},
    {file = "cx_Freeze-7.1.1-cp311-cp311-macosx_10_9_x86_64.whl", hash = "sha256:1327ec058547df05d7ebb834efb33e8bf2ae0d641c95bf52e39848c3b70ee372"},
    {file = "cx_Freeze-7.1.1-cp311-cp311-macosx_11_0_arm64.whl", hash = "sha256:f850f75bbb34ffacca008b8bfde2c9984a3ad376f19b7596bb3b81b5ae4d260b"},
    {file = "cx_Freeze-7.1.1-cp311-cp311-manylinux_2_17_aarch64.manylinux2014_aarch64.whl", hash = "sha256:2188095963faf9faeb8f31ea476b9fe27010174e8f6b6e7d3ffdb713c036acbd"},
    {file = "cx_Freeze-7.1.1-cp311-cp311-manylinux_2_17_ppc64le.manylinux2014_ppc64le.whl", hash = "sha256:c61398e909da06510a3394b1515fc9ac805d84c03dfe1fa5cf90d06c648ccaaa"},
    {file = "cx_Freeze-7.1.1-cp311-cp311-manylinux_2_17_x86_64.manylinux2014_x86_64.whl", hash = "sha256:5b79a565dd3b81a01b411bdfc5a992c4f9aa705616f2cc0e0acfe1becc7014e9"},
    {file = "cx_Freeze-7.1.1-cp311-cp311-musllinux_1_2_aarch64.whl", hash = "sha256:29579f8f06a483a8e1090b22293d743450666c45271c4048def160a48af1024e"},
    {file = "cx_Freeze-7.1.1-cp311-cp311-musllinux_1_2_ppc64le.whl", hash = "sha256:6f9206fe5528fbb628be24861d4e7d0af365912e051d8e83af20c68760e802b0"},
    {file = "cx_Freeze-7.1.1-cp311-cp311-musllinux_1_2_x86_64.whl", hash = "sha256:ee17ec3d200fce59ede0b0de3f672379ffbf899946f7756da05ae5271b2c741a"},
    {file = "cx_Freeze-7.1.1-cp311-cp311-win32.whl", hash = "sha256:ded291d065ca0ae1188bd1d5243ca948e4b179acc5af250594e67de8878122a8"},
    {file = "cx_Freeze-7.1.1-cp311-cp311-win_amd64.whl", hash = "sha256:e11836ce819eafa27ce9021915647d5c0a07a07f1137ecedd26ff260a75d2a71"},
    {file = "cx_Freeze-7.1.1-cp312-cp312-macosx_10_9_universal2.whl", hash = "sha256:9647c5ddce96b86f979da8424e17fe8e09543d2de59489c81fef18a6e472cd96"},
    {file = "cx_Freeze-7.1.1-cp312-cp312-macosx_10_9_x86_64.whl", hash = "sha256:b261af5a0a544f1f86abe6e18e8c9a5dd74409d93c9c1ba96698445c25dcb984"},
    {file = "cx_Freeze-7.1.1-cp312-cp312-macosx_11_0_arm64.whl", hash = "sha256:3540820a0daba8080a08837e8ba171211240412753feb564c855402365eb162d"},
    {file = "cx_Freeze-7.1.1-cp312-cp312-manylinux_2_17_aarch64.manylinux2014_aarch64.whl", hash = "sha256:0811a6c3f099b7017cf69ce03c55f6d402818a3c16b4981133790a897f76ac1f"},
    {file = "cx_Freeze-7.1.1-cp312-cp312-manylinux_2_17_ppc64le.manylinux2014_ppc64le.whl", hash = "sha256:25931bb12c6a8f3a6e4f68db0f7dec32cab6c561c86f247d3ff9d9b755977f59"},
    {file = "cx_Freeze-7.1.1-cp312-cp312-manylinux_2_17_x86_64.manylinux2014_x86_64.whl", hash = "sha256:86ff9653e1db5896d2bd3c39760f7498cdca45de4ff6301e3bb6ad32a8b33ac9"},
    {file = "cx_Freeze-7.1.1-cp312-cp312-musllinux_1_2_aarch64.whl", hash = "sha256:952333100d481075e8147b85f125433c3a0df4eace75d32fd11abdf7383e1757"},
    {file = "cx_Freeze-7.1.1-cp312-cp312-musllinux_1_2_ppc64le.whl", hash = "sha256:fda5210a3d8f3a8e44329fa71fac75cad19aafd2afec9ea0b947745dd6e501c1"},
    {file = "cx_Freeze-7.1.1-cp312-cp312-musllinux_1_2_x86_64.whl", hash = "sha256:28a177bb35578ac3479131bb6ec285e7339c6aed38b1c465f89354faa2a4a451"},
    {file = "cx_Freeze-7.1.1-cp312-cp312-win32.whl", hash = "sha256:006a7bb126afa7124c5074c09dd97765b468cc2fdd06e2b188c000d25251c952"},
    {file = "cx_Freeze-7.1.1-cp312-cp312-win_amd64.whl", hash = "sha256:c8c329b0a1ff1417146aa64f74be14dca7282ebbe0826eb9163c109a77502b74"},
    {file = "cx_Freeze-7.1.1-cp38-cp38-macosx_10_9_x86_64.whl", hash = "sha256:ba611021d0ff736d89b17d1f591c6407c77e4be4a63c44422869231de85dd5ba"},
    {file = "cx_Freeze-7.1.1-cp38-cp38-manylinux_2_17_x86_64.manylinux2014_x86_64.whl", hash = "sha256:426f75d531239c4ba5190115029579e3d80efd7f47d65da9465ab0f44084b6a1"},
    {file = "cx_Freeze-7.1.1-cp38-cp38-musllinux_1_2_x86_64.whl", hash = "sha256:b3784c56c863820b43751fcbb6d7eecf877a74bfc77702be69e3edc4fa8bd98f"},
    {file = "cx_Freeze-7.1.1-cp38-cp38-win32.whl", hash = "sha256:79f39d43efb61a0782f52ae958e022e501d84f29682d13a58486d716e2e824cf"},
    {file = "cx_Freeze-7.1.1-cp38-cp38-win_amd64.whl", hash = "sha256:249d9156d38d02cec0e108433ebe2eb21a6fccefb048ddcc4473d22605687f6c"},
    {file = "cx_Freeze-7.1.1-cp39-cp39-macosx_10_9_x86_64.whl", hash = "sha256:dd3892ca9ef45057b364cc7568ee8e0b92f57e77adb3a5a1f3cdded86a108355"},
    {file = "cx_Freeze-7.1.1-cp39-cp39-manylinux_2_17_x86_64.manylinux2014_x86_64.whl", hash = "sha256:1b862d11d0f6e505c7ff9f81d6b5d23c989750775c15959da344b6e08a92ef29"},
    {file = "cx_Freeze-7.1.1-cp39-cp39-musllinux_1_2_x86_64.whl", hash = "sha256:6c88173dedbccee163b76b77beaa9de8cc56846b49a99b9606aca96e090c8068"},
    {file = "cx_Freeze-7.1.1-cp39-cp39-win32.whl", hash = "sha256:bc513331c737841e973565563d633d6d6b91fdb8bb666a47ec4f36868eebe957"},
    {file = "cx_Freeze-7.1.1-cp39-cp39-win_amd64.whl", hash = "sha256:3e64a6f243be33377cc9220a92959d713d85ab9939cfa6c2dd785e27be93b192"},
    {file = "cx_freeze-7.1.1.tar.gz", hash = "sha256:335c30bad0e3e653655f230993308458bedc997baf5b7a995e8641deba2eb287"},
]

[package.dependencies]
cx-Logging = {version = ">=3.1", markers = "sys_platform == \"win32\""}
filelock = {version = ">=3.11.0", markers = "sys_platform == \"linux\""}
lief = {version = ">=0.12.0,<0.15.0", markers = "sys_platform == \"win32\""}
patchelf = {version = ">=0.14", markers = "sys_platform == \"linux\" and (platform_machine == \"aarch64\" or platform_machine == \"armv7l\" or platform_machine == \"i686\" or platform_machine == \"ppc64le\" or platform_machine == \"s390x\" or platform_machine == \"x86_64\")"}
setuptools = ">=62.6,<71"
typing-extensions = {version = ">=4.10.0", markers = "python_version < \"3.10\""}
wheel = ">=0.42.0,<=0.43.0"

[package.extras]
dev = ["bump-my-version (==0.22.0)", "cibuildwheel (==2.19.1)", "pre-commit (==3.7.0)"]
doc = ["furo (==2024.4.27)", "myst-parser (==3.0.1)", "sphinx (==7.3.7)", "sphinx-new-tab-link (==0.4.0)", "sphinx-tabs (==3.4.5)"]
test = ["coverage (==7.5.3)", "pluggy (==1.5.0)", "pytest (==8.2.2)", "pytest-cov (==5.0.0)", "pytest-datafiles (==3.0.0)", "pytest-mock (==3.14.0)", "pytest-timeout (==2.3.1)", "pytest-xdist[psutil] (==3.6.1)"]

[[package]]
name = "cx-logging"
version = "3.2.0"
description = "Python and C interfaces for logging"
optional = false
python-versions = ">=3.8"
files = [
    {file = "cx_Logging-3.2.0-cp310-cp310-manylinux_2_17_aarch64.manylinux2014_aarch64.whl", hash = "sha256:d40c1a4dcd54eff3335f34a2f9af9e29f29b45441fa99f90d6710ffae130a826"},
    {file = "cx_Logging-3.2.0-cp310-cp310-manylinux_2_17_x86_64.manylinux2014_x86_64.whl", hash = "sha256:705c1baf94ac49ba7bc807deeef18e1613b27ebdfacb15ab5702ec07f5f04446"},
    {file = "cx_Logging-3.2.0-cp310-cp310-win32.whl", hash = "sha256:3a0e153c9ed70ea5f8cea27c34052fd815d93d0858c7867f926274b5ccb04ee5"},
    {file = "cx_Logging-3.2.0-cp310-cp310-win_amd64.whl", hash = "sha256:20ff0e7ee0da525ca8b31bd4af49819aee220307896f98a68d8794a5c1f6fde2"},
    {file = "cx_Logging-3.2.0-cp311-cp311-manylinux_2_17_aarch64.manylinux2014_aarch64.whl", hash = "sha256:369dc509e65ceb3244281e89a8db99a7d67bde524d7bc9ab650282d44e153a06"},
    {file = "cx_Logging-3.2.0-cp311-cp311-manylinux_2_17_x86_64.manylinux2014_x86_64.whl", hash = "sha256:12e7713ffed11d7020b35623470c24af3223175ae38ea93797712e55219648e1"},
    {file = "cx_Logging-3.2.0-cp311-cp311-win32.whl", hash = "sha256:77449b6c48902ec24d876643d66a37d841c6aa425f4f0ae7ff64bf53e3565e11"},
    {file = "cx_Logging-3.2.0-cp311-cp311-win_amd64.whl", hash = "sha256:e0cfcd5c88694e062465db50410be53ce5a957ad3d50b90a8f4bd03c98f73c7b"},
    {file = "cx_Logging-3.2.0-cp312-cp312-manylinux_2_17_aarch64.manylinux2014_aarch64.whl", hash = "sha256:031fe74ca61bf6084d64e835a7801b3c8d8758737fcadae234ba8b09a16d1368"},
    {file = "cx_Logging-3.2.0-cp312-cp312-manylinux_2_17_x86_64.manylinux2014_x86_64.whl", hash = "sha256:2d29550bec4fdd7ce05b23ae6d3539a33060feb24ff39d5cbb89925d59b018b7"},
    {file = "cx_Logging-3.2.0-cp312-cp312-win32.whl", hash = "sha256:4328097f6034be241e02146af8e199382e7f30019272c26768e4cd3e5122d3f9"},
    {file = "cx_Logging-3.2.0-cp312-cp312-win_amd64.whl", hash = "sha256:2496386a36f63233fe77e7e68539910b9429df2f922be1af71309be59dca11f3"},
    {file = "cx_Logging-3.2.0-cp38-cp38-manylinux_2_17_aarch64.manylinux2014_aarch64.whl", hash = "sha256:03b725bbbe455a87c92c125e246a8c0c1f44bb20c7af0048e4c209cfc2a1a180"},
    {file = "cx_Logging-3.2.0-cp38-cp38-manylinux_2_17_x86_64.manylinux2014_x86_64.whl", hash = "sha256:ac2957603ec1b1d3f7274b834ade52fb3004e0d4b9e3414b8593c60de5e3cf39"},
    {file = "cx_Logging-3.2.0-cp38-cp38-win32.whl", hash = "sha256:08bf89fa288c4aae9ad34534813aea1e275beb052bc40c7e4ef76862954c61b7"},
    {file = "cx_Logging-3.2.0-cp38-cp38-win_amd64.whl", hash = "sha256:e7c883b1cfd76a44ded9677333bebb01e50970b52bdc5746cc2f45a661cebb7a"},
    {file = "cx_Logging-3.2.0-cp39-cp39-manylinux_2_17_aarch64.manylinux2014_aarch64.whl", hash = "sha256:00f23737f81d6b88a74b4f33bce5ea114283aab153a0d6c290b0626e5deb7978"},
    {file = "cx_Logging-3.2.0-cp39-cp39-manylinux_2_17_x86_64.manylinux2014_x86_64.whl", hash = "sha256:1f40486414ba63fef003167c6942a08fd699b3197d359ca56441ddf2d82a7e6d"},
    {file = "cx_Logging-3.2.0-cp39-cp39-win32.whl", hash = "sha256:7d85861c70012c24415e488cff14ec6ba029d097b4d2b4d3effd6a5b1d5ce287"},
    {file = "cx_Logging-3.2.0-cp39-cp39-win_amd64.whl", hash = "sha256:aafd5c2156751e473b4a8d331d01e70e872b235068da2158a29e377777baac63"},
    {file = "cx_Logging-3.2.0.tar.gz", hash = "sha256:bdbad6d2e6a0cc5bef962a34d7aa1232e88ea9f3541d6e2881675b5e7eab5502"},
]

[[package]]
name = "filelock"
version = "3.15.1"
description = "A platform independent file lock."
optional = false
python-versions = ">=3.8"
files = [
    {file = "filelock-3.15.1-py3-none-any.whl", hash = "sha256:71b3102950e91dfc1bb4209b64be4dc8854f40e5f534428d8684f953ac847fac"},
    {file = "filelock-3.15.1.tar.gz", hash = "sha256:58a2549afdf9e02e10720eaa4d4470f56386d7a6f72edd7d0596337af8ed7ad8"},
]

[package.extras]
docs = ["furo (>=2023.9.10)", "sphinx (>=7.2.6)", "sphinx-autodoc-typehints (>=1.25.2)"]
testing = ["covdefaults (>=2.3)", "coverage (>=7.3.2)", "diff-cover (>=8.0.1)", "pytest (>=7.4.3)", "pytest-asyncio (>=0.21)", "pytest-cov (>=4.1)", "pytest-mock (>=3.12)", "pytest-timeout (>=2.2)"]
typing = ["typing-extensions (>=4.8)"]

[[package]]
name = "lief"
version = "0.14.1"
description = "Library to instrument executable formats"
optional = false
python-versions = ">=3.8"
files = [
    {file = "lief-0.14.1-cp310-cp310-macosx_11_0_arm64.whl", hash = "sha256:7a9a94882f9af110fb01b4558a58941d2352b9a4ae3fef15570a3fab921ff462"},
    {file = "lief-0.14.1-cp310-cp310-macosx_11_0_x86_64.whl", hash = "sha256:bcc06f24f64fa6f20372d625ce60c40a7a6f669e11bdd02c2f0b8c5c6d09a5ee"},
    {file = "lief-0.14.1-cp310-cp310-manylinux2014_aarch64.whl", hash = "sha256:d22f804eee7f1b4a4b37e7a3d35e2003c4c054f3450d40389e54c8ac9fc2a5db"},
    {file = "lief-0.14.1-cp310-cp310-manylinux_2_28_x86_64.manylinux_2_27_x86_64.whl", hash = "sha256:26134815adecfd7f15dfbdf12cc64df25bcf3d0db917cf115fc3b296d09be496"},
    {file = "lief-0.14.1-cp310-cp310-win32.whl", hash = "sha256:6ca0220189698599df30b8044f43fb1fc7ba919fb9ef6047c892f9faee16393a"},
    {file = "lief-0.14.1-cp310-cp310-win_amd64.whl", hash = "sha256:c321234b50997c217107c09e69f53518c37fac637f8735c968c258dd4c748fb2"},
    {file = "lief-0.14.1-cp311-cp311-macosx_11_0_arm64.whl", hash = "sha256:3ca365c704c6b6b1ce631b92fea2eddaf93d66c897a0ec4ab51e9ab9e3345920"},
    {file = "lief-0.14.1-cp311-cp311-macosx_11_0_x86_64.whl", hash = "sha256:1f3c40eadff07a4c8fa74f1e268f9fa70b68f39b6795a00cd82160ca6782d5c3"},
    {file = "lief-0.14.1-cp311-cp311-manylinux2014_aarch64.whl", hash = "sha256:c202ed13b641db2e1f8a24743fb0c85595b32ea92cc3c517d3f7a9977e16dcb4"},
    {file = "lief-0.14.1-cp311-cp311-manylinux_2_28_x86_64.manylinux_2_27_x86_64.whl", hash = "sha256:fd481bfdfef04e8be4d200bca771d0d9394d9146c6cd403f9e58c80c4196a24e"},
    {file = "lief-0.14.1-cp311-cp311-win32.whl", hash = "sha256:473e9a37beef8db8bab1a777271aa49cce44dfe35af65cb8fad576377518c0bd"},
    {file = "lief-0.14.1-cp311-cp311-win_amd64.whl", hash = "sha256:24f687244e14d4a8307430babc5c712a1dd4e519172886ad4aeb9825f88f7569"},
    {file = "lief-0.14.1-cp312-cp312-macosx_11_0_arm64.whl", hash = "sha256:6df40e3750b8b26f88a6b28ac01db7338cdb6158f28363c755bf36452ce20d28"},
    {file = "lief-0.14.1-cp312-cp312-macosx_11_0_x86_64.whl", hash = "sha256:e7f7a55db2fcf269569f9e9fa5ea752620396de17bd9d29fc8b29e176975ecdb"},
    {file = "lief-0.14.1-cp312-cp312-manylinux2014_aarch64.whl", hash = "sha256:50795b51884b76a78c481d6d069d992561c217180bd81cf12554180389eff0a3"},
    {file = "lief-0.14.1-cp312-cp312-manylinux_2_28_x86_64.manylinux_2_27_x86_64.whl", hash = "sha256:497b88f9c9aaae999766ba188744ee35c5f38b4b64016f7dbb7037e9bf325382"},
    {file = "lief-0.14.1-cp312-cp312-win32.whl", hash = "sha256:08bad88083f696915f8dcda4042a3bfc514e17462924ec8984085838b2261921"},
    {file = "lief-0.14.1-cp312-cp312-win_amd64.whl", hash = "sha256:e131d6158a085f8a72124136816fefc29405c725cd3695ce22a904e471f0f815"},
    {file = "lief-0.14.1-cp38-cp38-macosx_11_0_arm64.whl", hash = "sha256:df650fa05ca131e4dfeb42c77985e1eb239730af9944bc0aadb1dfac8576e0e8"},
    {file = "lief-0.14.1-cp38-cp38-macosx_11_0_x86_64.whl", hash = "sha256:b4e76eeb48ca2925c6ca6034d408582615f2faa855f9bb11482e7acbdecc4803"},
    {file = "lief-0.14.1-cp38-cp38-manylinux2014_aarch64.whl", hash = "sha256:016e4fac91303466024154dd3c4b599e8b7c52882f72038b62a2be386d98c8f9"},
    {file = "lief-0.14.1-cp38-cp38-manylinux_2_28_x86_64.manylinux_2_27_x86_64.whl", hash = "sha256:9a5c7732a3ce53b306c8180ab64fdfb36d8cd9df91aedd9e2b4dad9faf47492b"},
    {file = "lief-0.14.1-cp38-cp38-win32.whl", hash = "sha256:7030c22a4446ea2ac673fd50128e9c639121c0a4dae11ca1cd8cc20d62d26e7e"},
    {file = "lief-0.14.1-cp38-cp38-win_amd64.whl", hash = "sha256:4a35ceeee74bb9bb4c7171f4bca814576a3aa6dec16a0a9469e5743db0a9ba0c"},
    {file = "lief-0.14.1-cp39-cp39-macosx_11_0_arm64.whl", hash = "sha256:abb15e4de34e70661fd35e87e2634abf0ae57a8c8ac78d02ad4259f5a5817e26"},
    {file = "lief-0.14.1-cp39-cp39-macosx_11_0_x86_64.whl", hash = "sha256:33d062340c709c1a33539d221ea3cb764cbb8d7c9ee8aae28bf9797bc8715a0b"},
    {file = "lief-0.14.1-cp39-cp39-manylinux2014_aarch64.whl", hash = "sha256:66deb1b26de43acb2fd0b2fc5e6be70093eaaa93797332cc4613e163164c77e7"},
    {file = "lief-0.14.1-cp39-cp39-manylinux_2_28_x86_64.manylinux_2_27_x86_64.whl", hash = "sha256:c1c15bd3e5b15da6dcc0ba75d5549f15bfbf9214c0d8e3938f85877a40c352d9"},
    {file = "lief-0.14.1-cp39-cp39-win32.whl", hash = "sha256:ebcbe4eadd33d8cf2c6015f44d6c9b72f81388af745938e633c4bb90262b2036"},
    {file = "lief-0.14.1-cp39-cp39-win_amd64.whl", hash = "sha256:2db3eb282a35daf51f89c6509226668a08fb6a6d1f507dd549dd9f077585db11"},
]

[[package]]
name = "numpy"
version = "1.21.4"
description = "NumPy is the fundamental package for array computing with Python."
optional = false
python-versions = ">=3.7,<3.11"
files = [
    {file = "numpy-1.21.4-cp310-cp310-macosx_10_9_universal2.whl", hash = "sha256:8890b3360f345e8360133bc078d2dacc2843b6ee6059b568781b15b97acbe39f"},
    {file = "numpy-1.21.4-cp310-cp310-macosx_10_9_x86_64.whl", hash = "sha256:69077388c5a4b997442b843dbdc3a85b420fb693ec8e33020bb24d647c164fa5"},
    {file = "numpy-1.21.4-cp310-cp310-macosx_11_0_arm64.whl", hash = "sha256:e89717274b41ebd568cd7943fc9418eeb49b1785b66031bc8a7f6300463c5898"},
    {file = "numpy-1.21.4-cp310-cp310-manylinux_2_17_aarch64.manylinux2014_aarch64.whl", hash = "sha256:0b78ecfa070460104934e2caf51694ccd00f37d5e5dbe76f021b1b0b0d221823"},
    {file = "numpy-1.21.4-cp310-cp310-manylinux_2_17_x86_64.manylinux2014_x86_64.whl", hash = "sha256:615d4e328af7204c13ae3d4df7615a13ff60a49cb0d9106fde07f541207883ca"},
    {file = "numpy-1.21.4-cp310-cp310-win_amd64.whl", hash = "sha256:1403b4e2181fc72664737d848b60e65150f272fe5a1c1cbc16145ed43884065a"},
    {file = "numpy-1.21.4-cp37-cp37m-macosx_10_9_x86_64.whl", hash = "sha256:74b85a17528ca60cf98381a5e779fc0264b4a88b46025e6bcbe9621f46bb3e63"},
    {file = "numpy-1.21.4-cp37-cp37m-manylinux_2_12_i686.manylinux2010_i686.whl", hash = "sha256:92aafa03da8658609f59f18722b88f0a73a249101169e28415b4fa148caf7e41"},
    {file = "numpy-1.21.4-cp37-cp37m-manylinux_2_12_x86_64.manylinux2010_x86_64.whl", hash = "sha256:5d95668e727c75b3f5088ec7700e260f90ec83f488e4c0aaccb941148b2cd377"},
    {file = "numpy-1.21.4-cp37-cp37m-manylinux_2_17_aarch64.manylinux2014_aarch64.whl", hash = "sha256:f5162ec777ba7138906c9c274353ece5603646c6965570d82905546579573f73"},
    {file = "numpy-1.21.4-cp37-cp37m-win32.whl", hash = "sha256:81225e58ef5fce7f1d80399575576fc5febec79a8a2742e8ef86d7b03beef49f"},
    {file = "numpy-1.21.4-cp37-cp37m-win_amd64.whl", hash = "sha256:32fe5b12061f6446adcbb32cf4060a14741f9c21e15aaee59a207b6ce6423469"},
    {file = "numpy-1.21.4-cp38-cp38-macosx_10_9_universal2.whl", hash = "sha256:c449eb870616a7b62e097982c622d2577b3dbc800aaf8689254ec6e0197cbf1e"},
    {file = "numpy-1.21.4-cp38-cp38-macosx_10_9_x86_64.whl", hash = "sha256:2e4ed57f45f0aa38beca2a03b6532e70e548faf2debbeb3291cfc9b315d9be8f"},
    {file = "numpy-1.21.4-cp38-cp38-macosx_11_0_arm64.whl", hash = "sha256:1247ef28387b7bb7f21caf2dbe4767f4f4175df44d30604d42ad9bd701ebb31f"},
    {file = "numpy-1.21.4-cp38-cp38-manylinux_2_12_i686.manylinux2010_i686.whl", hash = "sha256:34f3456f530ae8b44231c63082c8899fe9c983fd9b108c997c4b1c8c2d435333"},
    {file = "numpy-1.21.4-cp38-cp38-manylinux_2_12_x86_64.manylinux2010_x86_64.whl", hash = "sha256:4c9c23158b87ed0e70d9a50c67e5c0b3f75bcf2581a8e34668d4e9d7474d76c6"},
    {file = "numpy-1.21.4-cp38-cp38-manylinux_2_17_aarch64.manylinux2014_aarch64.whl", hash = "sha256:e4799be6a2d7d3c33699a6f77201836ac975b2e1b98c2a07f66a38f499cb50ce"},
    {file = "numpy-1.21.4-cp38-cp38-win32.whl", hash = "sha256:bc988afcea53e6156546e5b2885b7efab089570783d9d82caf1cfd323b0bb3dd"},
    {file = "numpy-1.21.4-cp38-cp38-win_amd64.whl", hash = "sha256:170b2a0805c6891ca78c1d96ee72e4c3ed1ae0a992c75444b6ab20ff038ba2cd"},
    {file = "numpy-1.21.4-cp39-cp39-macosx_10_9_universal2.whl", hash = "sha256:fde96af889262e85aa033f8ee1d3241e32bf36228318a61f1ace579df4e8170d"},
    {file = "numpy-1.21.4-cp39-cp39-macosx_10_9_x86_64.whl", hash = "sha256:c885bfc07f77e8fee3dc879152ba993732601f1f11de248d4f357f0ffea6a6d4"},
    {file = "numpy-1.21.4-cp39-cp39-macosx_11_0_arm64.whl", hash = "sha256:9e6f5f50d1eff2f2f752b3089a118aee1ea0da63d56c44f3865681009b0af162"},
    {file = "numpy-1.21.4-cp39-cp39-manylinux_2_12_i686.manylinux2010_i686.whl", hash = "sha256:ad010846cdffe7ec27e3f933397f8a8d6c801a48634f419e3d075db27acf5880"},
    {file = "numpy-1.21.4-cp39-cp39-manylinux_2_12_x86_64.manylinux2010_x86_64.whl", hash = "sha256:c74c699b122918a6c4611285cc2cad4a3aafdb135c22a16ec483340ef97d573c"},
    {file = "numpy-1.21.4-cp39-cp39-manylinux_2_17_aarch64.manylinux2014_aarch64.whl", hash = "sha256:9864424631775b0c052f3bd98bc2712d131b3e2cd95d1c0c68b91709170890b0"},
    {file = "numpy-1.21.4-cp39-cp39-win32.whl", hash = "sha256:b1e2312f5b8843a3e4e8224b2b48fe16119617b8fc0a54df8f50098721b5bed2"},
    {file = "numpy-1.21.4-cp39-cp39-win_amd64.whl", hash = "sha256:e3c3e990274444031482a31280bf48674441e0a5b55ddb168f3a6db3e0c38ec8"},
    {file = "numpy-1.21.4-pp37-pypy37_pp73-manylinux_2_12_x86_64.manylinux2010_x86_64.whl", hash = "sha256:a3deb31bc84f2b42584b8c4001c85d1934dbfb4030827110bc36bfd11509b7bf"},
    {file = "numpy-1.21.4.zip", hash = "sha256:e6c76a87633aa3fa16614b61ccedfae45b91df2767cf097aa9c933932a7ed1e0"},
]

[[package]]
name = "patchelf"
version = "0.17.2.1"
description = "A small utility to modify the dynamic linker and RPATH of ELF executables."
optional = false
python-versions = "*"
files = [
    {file = "patchelf-0.17.2.1-py2.py3-none-manylinux_2_17_aarch64.manylinux2014_aarch64.musllinux_1_1_aarch64.whl", hash = "sha256:fc329da0e8f628bd836dfb8eaf523547e342351fa8f739bf2b3fe4a6db5a297c"},
    {file = "patchelf-0.17.2.1-py2.py3-none-manylinux_2_17_armv7l.manylinux2014_armv7l.musllinux_1_1_armv7l.whl", hash = "sha256:ccb266a94edf016efe80151172c26cff8c2ec120a57a1665d257b0442784195d"},
    {file = "patchelf-0.17.2.1-py2.py3-none-manylinux_2_17_ppc64le.manylinux2014_ppc64le.musllinux_1_1_ppc64le.whl", hash = "sha256:f47b5bdd6885cfb20abdd14c707d26eb6f499a7f52e911865548d4aa43385502"},
    {file = "patchelf-0.17.2.1-py2.py3-none-manylinux_2_17_s390x.manylinux2014_s390x.musllinux_1_1_s390x.whl", hash = "sha256:a9e6ebb0874a11f7ed56d2380bfaa95f00612b23b15f896583da30c2059fcfa8"},
    {file = "patchelf-0.17.2.1-py2.py3-none-manylinux_2_5_i686.manylinux1_i686.musllinux_1_1_i686.whl", hash = "sha256:3c8d58f0e4c1929b1c7c45ba8da5a84a8f1aa6a82a46e1cfb2e44a4d40f350e5"},
    {file = "patchelf-0.17.2.1-py2.py3-none-manylinux_2_5_x86_64.manylinux1_x86_64.musllinux_1_1_x86_64.whl", hash = "sha256:d1a9bc0d4fd80c038523ebdc451a1cce75237cfcc52dbd1aca224578001d5927"},
    {file = "patchelf-0.17.2.1.tar.gz", hash = "sha256:a6eb0dd452ce4127d0d5e1eb26515e39186fa609364274bc1b0b77539cfa7031"},
]

[package.extras]
test = ["importlib-metadata", "pytest"]

[[package]]
name = "pycparser"
version = "2.21"
description = "C parser in Python"
optional = false
python-versions = ">=2.7, !=3.0.*, !=3.1.*, !=3.2.*, !=3.3.*"
files = [
    {file = "pycparser-2.21-py2.py3-none-any.whl", hash = "sha256:8ee45429555515e1f6b185e78100aea234072576aa43ab53aefcae078162fca9"},
    {file = "pycparser-2.21.tar.gz", hash = "sha256:e644fdec12f7872f86c58ff790da456218b10f863970249516d60a5eaca77206"},
]

[[package]]
name = "pyqt5"
version = "5.15.6"
description = "Python bindings for the Qt cross platform application toolkit"
optional = false
python-versions = ">=3.6"
files = [
    {file = "PyQt5-5.15.6-cp36-abi3-macosx_10_13_x86_64.whl", hash = "sha256:33ced1c876f6a26e7899615a5a4efef2167c263488837c7beed023a64cebd051"},
    {file = "PyQt5-5.15.6-cp36-abi3-manylinux1_x86_64.whl", hash = "sha256:9d6efad0377aa78bf081a20ac752ce86096ded18f04c592d98f5b92dc879ad0a"},
    {file = "PyQt5-5.15.6-cp36-abi3-win32.whl", hash = "sha256:9d2dcdaf82263ae56023410a7af15d1fd746c8e361733a7d0d1bd1f004ec2793"},
    {file = "PyQt5-5.15.6-cp36-abi3-win_amd64.whl", hash = "sha256:f411ecda52e488e1d3c5cce7563e1b2ca9cf0b7531e3c25b03d9a7e56e07e7fc"},
    {file = "PyQt5-5.15.6.tar.gz", hash = "sha256:80343bcab95ffba619f2ed2467fd828ffeb0a251ad7225be5fc06dcc333af452"},
]

[package.dependencies]
PyQt5-Qt5 = ">=5.15.2"
PyQt5-sip = ">=12.8,<13"

[[package]]
name = "pyqt5-qt5"
version = "5.15.2"
description = "The subset of a Qt installation needed by PyQt5."
optional = false
python-versions = "*"
files = [
    {file = "PyQt5_Qt5-5.15.2-py3-none-macosx_10_13_intel.whl", hash = "sha256:76980cd3d7ae87e3c7a33bfebfaee84448fd650bad6840471d6cae199b56e154"},
    {file = "PyQt5_Qt5-5.15.2-py3-none-manylinux2014_x86_64.whl", hash = "sha256:1988f364ec8caf87a6ee5d5a3a5210d57539988bf8e84714c7d60972692e2f4a"},
    {file = "PyQt5_Qt5-5.15.2-py3-none-win32.whl", hash = "sha256:9cc7a768b1921f4b982ebc00a318ccb38578e44e45316c7a4a850e953e1dd327"},
    {file = "PyQt5_Qt5-5.15.2-py3-none-win_amd64.whl", hash = "sha256:750b78e4dba6bdf1607febedc08738e318ea09e9b10aea9ff0d73073f11f6962"},
]

[[package]]
name = "pyqt5-sip"
version = "12.9.0"
description = "The sip module support for PyQt5"
optional = false
python-versions = ">=3.5"
files = [
    {file = "PyQt5_sip-12.9.0-cp310-cp310-macosx_10_9_universal2.whl", hash = "sha256:6d5bca2fc222d58e8093ee8a81a6e3437067bb22bc3f86d06ec8be721e15e90a"},
    {file = "PyQt5_sip-12.9.0-cp310-cp310-manylinux1_x86_64.whl", hash = "sha256:d59af63120d1475b2bf94fe8062610720a9be1e8940ea146c7f42bb449d49067"},
    {file = "PyQt5_sip-12.9.0-cp310-cp310-win32.whl", hash = "sha256:0fc9aefacf502696710b36cdc9fa2a61487f55ee883dbcf2c2a6477e261546f7"},
    {file = "PyQt5_sip-12.9.0-cp310-cp310-win_amd64.whl", hash = "sha256:485972daff2fb0311013f471998f8ec8262ea381bded244f9d14edaad5f54271"},
    {file = "PyQt5_sip-12.9.0-cp36-cp36m-macosx_10_6_intel.whl", hash = "sha256:d85002238b5180bce4b245c13d6face848faa1a7a9e5c6e292025004f2fd619a"},
    {file = "PyQt5_sip-12.9.0-cp36-cp36m-manylinux1_x86_64.whl", hash = "sha256:83c3220b1ca36eb8623ba2eb3766637b19eb0ce9f42336ad8253656d32750c0a"},
    {file = "PyQt5_sip-12.9.0-cp36-cp36m-win32.whl", hash = "sha256:d8b2bdff7bbf45bc975c113a03b14fd669dc0c73e1327f02706666a7dd51a197"},
    {file = "PyQt5_sip-12.9.0-cp36-cp36m-win_amd64.whl", hash = "sha256:69a3ad4259172e2b1aa9060de211efac39ddd734a517b1924d9c6c0cc4f55f96"},
    {file = "PyQt5_sip-12.9.0-cp37-cp37m-macosx_10_9_x86_64.whl", hash = "sha256:42274a501ab4806d2c31659170db14c282b8313d2255458064666d9e70d96206"},
    {file = "PyQt5_sip-12.9.0-cp37-cp37m-manylinux1_x86_64.whl", hash = "sha256:6a8701892a01a5a2a4720872361197cc80fdd5f49c8482d488ddf38c9c84f055"},
    {file = "PyQt5_sip-12.9.0-cp37-cp37m-win32.whl", hash = "sha256:ac57d796c78117eb39edd1d1d1aea90354651efac9d3590aac67fa4983f99f1f"},
    {file = "PyQt5_sip-12.9.0-cp37-cp37m-win_amd64.whl", hash = "sha256:4347bd81d30c8e3181e553b3734f91658cfbdd8f1a19f254777f906870974e6d"},
    {file = "PyQt5_sip-12.9.0-cp38-cp38-macosx_10_9_x86_64.whl", hash = "sha256:c446971c360a0a1030282a69375a08c78e8a61d568bfd6dab3dcc5cf8817f644"},
    {file = "PyQt5_sip-12.9.0-cp38-cp38-manylinux1_x86_64.whl", hash = "sha256:fc43f2d7c438517ee33e929e8ae77132749c15909afab6aeece5fcf4147ffdb5"},
    {file = "PyQt5_sip-12.9.0-cp38-cp38-win32.whl", hash = "sha256:055581c6fed44ba4302b70eeb82e979ff70400037358908f251cd85cbb3dbd93"},
    {file = "PyQt5_sip-12.9.0-cp38-cp38-win_amd64.whl", hash = "sha256:c5216403d4d8d857ec4a61f631d3945e44fa248aa2415e9ee9369ab7c8a4d0c7"},
    {file = "PyQt5_sip-12.9.0-cp39-cp39-macosx_10_9_x86_64.whl", hash = "sha256:a25b9843c7da6a1608f310879c38e6434331aab1dc2fe6cb65c14f1ecf33780e"},
    {file = "PyQt5_sip-12.9.0-cp39-cp39-manylinux1_x86_64.whl", hash = "sha256:dd05c768c2b55ffe56a9d49ce6cc77cdf3d53dbfad935258a9e347cbfd9a5850"},
    {file = "PyQt5_sip-12.9.0-cp39-cp39-win32.whl", hash = "sha256:4f8e05fe01d54275877c59018d8e82dcdd0bc5696053a8b830eecea3ce806121"},
    {file = "PyQt5_sip-12.9.0-cp39-cp39-win_amd64.whl", hash = "sha256:b09f4cd36a4831229fb77c424d89635fa937d97765ec90685e2f257e56a2685a"},
    {file = "PyQt5_sip-12.9.0.tar.gz", hash = "sha256:d3e4489d7c2b0ece9d203ae66e573939f7f60d4d29e089c9f11daa17cfeaae32"},
]

[[package]]
name = "pyqtgraph"
version = "0.12.3"
description = "Scientific Graphics and GUI Library for Python"
optional = false
python-versions = ">=3.7"
files = [
    {file = "pyqtgraph-0.12.3-py3-none-any.whl", hash = "sha256:06997eaae40bfa2b870647f98384a63b12f75118303b674337a080f8eb9a0030"},
    {file = "pyqtgraph-0.12.3.tar.gz", hash = "sha256:f1dfee710fa5e9abaaf3d4dff0116659e6c7b4e7b514870c5cddad268a753d74"},
]

[package.dependencies]
numpy = ">=1.17.0"

[[package]]
name = "scipy"
version = "1.7.3"
description = "SciPy: Scientific Library for Python"
optional = false
python-versions = ">=3.7,<3.11"
files = [
    {file = "scipy-1.7.3-1-cp310-cp310-macosx_12_0_arm64.whl", hash = "sha256:c9e04d7e9b03a8a6ac2045f7c5ef741be86727d8f49c45db45f244bdd2bcff17"},
    {file = "scipy-1.7.3-1-cp38-cp38-macosx_12_0_arm64.whl", hash = "sha256:b0e0aeb061a1d7dcd2ed59ea57ee56c9b23dd60100825f98238c06ee5cc4467e"},
    {file = "scipy-1.7.3-1-cp39-cp39-macosx_12_0_arm64.whl", hash = "sha256:b78a35c5c74d336f42f44106174b9851c783184a85a3fe3e68857259b37b9ffb"},
    {file = "scipy-1.7.3-cp310-cp310-macosx_10_9_x86_64.whl", hash = "sha256:173308efba2270dcd61cd45a30dfded6ec0085b4b6eb33b5eb11ab443005e088"},
    {file = "scipy-1.7.3-cp310-cp310-macosx_12_0_arm64.whl", hash = "sha256:21b66200cf44b1c3e86495e3a436fc7a26608f92b8d43d344457c54f1c024cbc"},
    {file = "scipy-1.7.3-cp310-cp310-manylinux_2_17_aarch64.manylinux2014_aarch64.whl", hash = "sha256:ceebc3c4f6a109777c0053dfa0282fddb8893eddfb0d598574acfb734a926168"},
    {file = "scipy-1.7.3-cp310-cp310-manylinux_2_17_x86_64.manylinux2014_x86_64.whl", hash = "sha256:f7eaea089345a35130bc9a39b89ec1ff69c208efa97b3f8b25ea5d4c41d88094"},
    {file = "scipy-1.7.3-cp310-cp310-win_amd64.whl", hash = "sha256:304dfaa7146cffdb75fbf6bb7c190fd7688795389ad060b970269c8576d038e9"},
    {file = "scipy-1.7.3-cp37-cp37m-macosx_10_9_x86_64.whl", hash = "sha256:033ce76ed4e9f62923e1f8124f7e2b0800db533828c853b402c7eec6e9465d80"},
    {file = "scipy-1.7.3-cp37-cp37m-manylinux_2_12_i686.manylinux2010_i686.whl", hash = "sha256:4d242d13206ca4302d83d8a6388c9dfce49fc48fdd3c20efad89ba12f785bf9e"},
    {file = "scipy-1.7.3-cp37-cp37m-manylinux_2_12_x86_64.manylinux2010_x86_64.whl", hash = "sha256:8499d9dd1459dc0d0fe68db0832c3d5fc1361ae8e13d05e6849b358dc3f2c279"},
    {file = "scipy-1.7.3-cp37-cp37m-manylinux_2_17_aarch64.manylinux2014_aarch64.whl", hash = "sha256:ca36e7d9430f7481fc7d11e015ae16fbd5575615a8e9060538104778be84addf"},
    {file = "scipy-1.7.3-cp37-cp37m-win32.whl", hash = "sha256:e2c036492e673aad1b7b0d0ccdc0cb30a968353d2c4bf92ac8e73509e1bf212c"},
    {file = "scipy-1.7.3-cp37-cp37m-win_amd64.whl", hash = "sha256:866ada14a95b083dd727a845a764cf95dd13ba3dc69a16b99038001b05439709"},
    {file = "scipy-1.7.3-cp38-cp38-macosx_10_9_x86_64.whl", hash = "sha256:65bd52bf55f9a1071398557394203d881384d27b9c2cad7df9a027170aeaef93"},
    {file = "scipy-1.7.3-cp38-cp38-macosx_12_0_arm64.whl", hash = "sha256:f99d206db1f1ae735a8192ab93bd6028f3a42f6fa08467d37a14eb96c9dd34a3"},
    {file = "scipy-1.7.3-cp38-cp38-manylinux_2_12_i686.manylinux2010_i686.whl", hash = "sha256:5f2cfc359379c56b3a41b17ebd024109b2049f878badc1e454f31418c3a18436"},
    {file = "scipy-1.7.3-cp38-cp38-manylinux_2_17_aarch64.manylinux2014_aarch64.whl", hash = "sha256:eb7ae2c4dbdb3c9247e07acc532f91077ae6dbc40ad5bd5dca0bb5a176ee9bda"},
    {file = "scipy-1.7.3-cp38-cp38-manylinux_2_17_x86_64.manylinux2014_x86_64.whl", hash = "sha256:95c2d250074cfa76715d58830579c64dff7354484b284c2b8b87e5a38321672c"},
    {file = "scipy-1.7.3-cp38-cp38-win32.whl", hash = "sha256:87069cf875f0262a6e3187ab0f419f5b4280d3dcf4811ef9613c605f6e4dca95"},
    {file = "scipy-1.7.3-cp38-cp38-win_amd64.whl", hash = "sha256:7edd9a311299a61e9919ea4192dd477395b50c014cdc1a1ac572d7c27e2207fa"},
    {file = "scipy-1.7.3-cp39-cp39-macosx_10_9_x86_64.whl", hash = "sha256:eef93a446114ac0193a7b714ce67659db80caf940f3232bad63f4c7a81bc18df"},
    {file = "scipy-1.7.3-cp39-cp39-macosx_12_0_arm64.whl", hash = "sha256:eb326658f9b73c07081300daba90a8746543b5ea177184daed26528273157294"},
    {file = "scipy-1.7.3-cp39-cp39-manylinux_2_12_i686.manylinux2010_i686.whl", hash = "sha256:93378f3d14fff07572392ce6a6a2ceb3a1f237733bd6dcb9eb6a2b29b0d19085"},
    {file = "scipy-1.7.3-cp39-cp39-manylinux_2_17_aarch64.manylinux2014_aarch64.whl", hash = "sha256:edad1cf5b2ce1912c4d8ddad20e11d333165552aba262c882e28c78bbc09dbf6"},
    {file = "scipy-1.7.3-cp39-cp39-manylinux_2_17_x86_64.manylinux2014_x86_64.whl", hash = "sha256:5d1cc2c19afe3b5a546ede7e6a44ce1ff52e443d12b231823268019f608b9b12"},
    {file = "scipy-1.7.3-cp39-cp39-win32.whl", hash = "sha256:2c56b820d304dffcadbbb6cbfbc2e2c79ee46ea291db17e288e73cd3c64fefa9"},
    {file = "scipy-1.7.3-cp39-cp39-win_amd64.whl", hash = "sha256:3f78181a153fa21c018d346f595edd648344751d7f03ab94b398be2ad083ed3e"},
    {file = "scipy-1.7.3.tar.gz", hash = "sha256:ab5875facfdef77e0a47d5fd39ea178b58e60e454a4c85aa1e52fcb80db7babf"},
]

[package.dependencies]
numpy = ">=1.16.5,<1.23.0"

[[package]]
name = "setuptools"
version = "70.0.0"
description = "Easily download, build, install, upgrade, and uninstall Python packages"
optional = false
python-versions = ">=3.8"
files = [
    {file = "setuptools-70.0.0-py3-none-any.whl", hash = "sha256:54faa7f2e8d2d11bcd2c07bed282eef1046b5c080d1c32add737d7b5817b1ad4"},
    {file = "setuptools-70.0.0.tar.gz", hash = "sha256:f211a66637b8fa059bb28183da127d4e86396c991a942b028c6650d4319c3fd0"},
]

[package.extras]
docs = ["furo", "jaraco.packaging (>=9.3)", "jaraco.tidelift (>=1.4)", "pygments-github-lexers (==0.0.5)", "pyproject-hooks (!=1.1)", "rst.linker (>=1.9)", "sphinx (>=3.5)", "sphinx-favicon", "sphinx-inline-tabs", "sphinx-lint", "sphinx-notfound-page (>=1,<2)", "sphinx-reredirects", "sphinxcontrib-towncrier"]
testing = ["build[virtualenv] (>=1.0.3)", "filelock (>=3.4.0)", "importlib-metadata", "ini2toml[lite] (>=0.14)", "jaraco.develop (>=7.21)", "jaraco.envs (>=2.2)", "jaraco.path (>=3.2.0)", "mypy (==1.9)", "packaging (>=23.2)", "pip (>=19.1)", "pyproject-hooks (!=1.1)", "pytest (>=6,!=8.1.1)", "pytest-checkdocs (>=2.4)", "pytest-cov", "pytest-enabler (>=2.2)", "pytest-home (>=0.5)", "pytest-mypy", "pytest-perf", "pytest-ruff (>=0.2.1)", "pytest-subprocess", "pytest-timeout", "pytest-xdist (>=3)", "tomli", "tomli-w (>=1.0.0)", "virtualenv (>=13.0.0)", "wheel"]

[[package]]
name = "soundcard"
version = "0.4.1"
description = "Play and record audio without resorting to CPython extensions"
optional = false
python-versions = ">=3.5"
files = [
    {file = "SoundCard-0.4.1-py3-none-any.whl", hash = "sha256:a70d306a24f4d5a61f46f5b4ae6ea633628aecca00d723e2cefa6fe5a21e58df"},
    {file = "SoundCard-0.4.1.tar.gz", hash = "sha256:cfc63b1a0480385565dd8124deb9a77a28303b73491c76b520108a88431eb5e2"},
]

[package.dependencies]
cffi = "*"
numpy = "*"

[[package]]
name = "typing-extensions"
version = "4.12.2"
description = "Backported and Experimental Type Hints for Python 3.8+"
optional = false
python-versions = ">=3.8"
files = [
    {file = "typing_extensions-4.12.2-py3-none-any.whl", hash = "sha256:04e5ca0351e0f3f85c6853954072df659d0d13fac324d0072316b67d7794700d"},
    {file = "typing_extensions-4.12.2.tar.gz", hash = "sha256:1a7ead55c7e559dd4dee8856e3a88b41225abfe1ce8df57b7c13915fe121ffb8"},
]

[[package]]
name = "wheel"
version = "0.43.0"
description = "A built-package format for Python"
optional = false
python-versions = ">=3.8"
files = [
    {file = "wheel-0.43.0-py3-none-any.whl", hash = "sha256:55c570405f142630c6b9f72fe09d9b67cf1477fcf543ae5b8dcb1f5b7377da81"},
    {file = "wheel-0.43.0.tar.gz", hash = "sha256:465ef92c69fa5c5da2d1cf8ac40559a8c940886afcef87dcf14b9470862f1d85"},
]

[package.extras]
test = ["pytest (>=6.0.0)", "setuptools (>=65)"]

[metadata]
lock-version = "2.0"
python-versions = "~3.9.0"
content-hash = "5ae7af11105a87b17a3b3683ef5990a43f894ae1a1243a652c3b70c5746c0fd1"
